
Microsoft Visual Studio Solution File, Format Version 12.00
# Visual Studio Version 16
VisualStudioVersion = 16.0.29613.14
MinimumVisualStudioVersion = 10.0.40219.1
Project("{FAE04EC0-301F-11D3-BF4B-00C04F79EFBC}") = "oopsdemo", "oopsdemo\oopsdemo.csproj", "{1EAF634B-F330-4B1F-A2EE-83E093B462FE}"
EndProject
Global
	GlobalSection(SolutionConfigurationPlatforms) = preSolution
		Debug|Any CPU = Debug|Any CPU
		Release|Any CPU = Release|Any CPU
	EndGlobalSection
	GlobalSection(ProjectConfigurationPlatforms) = postSolution
		{1EAF634B-F330-4B1F-A2EE-83E093B462FE}.Debug|Any CPU.ActiveCfg = Debug|Any CPU
		{1EAF634B-F330-4B1F-A2EE-83E093B462FE}.Debug|Any CPU.Build.0 = Debug|Any CPU
		{1EAF634B-F330-4B1F-A2EE-83E093B462FE}.Release|Any CPU.ActiveCfg = Release|Any CPU
		{1EAF634B-F330-4B1F-A2EE-83E093B462FE}.Release|Any CPU.Build.0 = Release|Any CPU
	EndGlobalSection
	GlobalSection(SolutionProperties) = preSolution
		HideSolutionNode = FALSE
	EndGlobalSection
	GlobalSection(ExtensibilityGlobals) = postSolution
		SolutionGuid = {863A3D01-8AD6-4A9E-8BB5-84F7D01C19AC}
	EndGlobalSection
EndGlobal
